
Microsoft Visual Studio Solution File, Format Version 12.00
# Visual Studio Version 17
VisualStudioVersion = 17.0.31903.59
MinimumVisualStudioVersion = 10.0.40219.1
Project("{2150E333-8FDC-42A3-9474-1A3956D46DE8}") = "src", "src", "{873E9133-40DE-4F16-888F-A2AC5DE49CCF}"
EndProject
Project("{2150E333-8FDC-42A3-9474-1A3956D46DE8}") = "test", "test", "{64EB88AE-A36A-4EB6-B1F9-FF0A80A7E370}"
EndProject
Project("{9A19103F-16F7-4668-BE54-9A1E7A4F7556}") = "Dotnet.CSharpDockerCompose", "src\Dotnet.CSharpDockerCompose\Dotnet.CSharpDockerCompose.csproj", "{24052C0A-D539-4912-A0A8-2E4D2846DC31}"
EndProject
Project("{9A19103F-16F7-4668-BE54-9A1E7A4F7556}") = "Dotnet.CSharpDockerCompose.Integration.Tests", "test\Dotnet.CSharpDockerCompose.Integration.Tests\Dotnet.CSharpDockerCompose.Integration.Tests.csproj", "{D6E4D83A-AC3F-47FB-9708-3FE2CCCA16C6}"
EndProject
Project("{9A19103F-16F7-4668-BE54-9A1E7A4F7556}") = "Dotnet.CSharpDockerCompose.Unit.Tests", "test\Dotnet.CSharpDockerCompose.Unit.Tests\Dotnet.CSharpDockerCompose.Unit.Tests.csproj", "{AB166852-14DA-4534-9F3F-856681459913}"
EndProject
Global
	GlobalSection(SolutionConfigurationPlatforms) = preSolution
		Debug|Any CPU = Debug|Any CPU
		Release|Any CPU = Release|Any CPU
	EndGlobalSection
	GlobalSection(ProjectConfigurationPlatforms) = postSolution
		{24052C0A-D539-4912-A0A8-2E4D2846DC31}.Debug|Any CPU.ActiveCfg = Debug|Any CPU
		{24052C0A-D539-4912-A0A8-2E4D2846DC31}.Debug|Any CPU.Build.0 = Debug|Any CPU
		{24052C0A-D539-4912-A0A8-2E4D2846DC31}.Release|Any CPU.ActiveCfg = Release|Any CPU
		{24052C0A-D539-4912-A0A8-2E4D2846DC31}.Release|Any CPU.Build.0 = Release|Any CPU
		{D6E4D83A-AC3F-47FB-9708-3FE2CCCA16C6}.Debug|Any CPU.ActiveCfg = Debug|Any CPU
		{D6E4D83A-AC3F-47FB-9708-3FE2CCCA16C6}.Debug|Any CPU.Build.0 = Debug|Any CPU
		{D6E4D83A-AC3F-47FB-9708-3FE2CCCA16C6}.Release|Any CPU.ActiveCfg = Release|Any CPU
		{D6E4D83A-AC3F-47FB-9708-3FE2CCCA16C6}.Release|Any CPU.Build.0 = Release|Any CPU
		{AB166852-14DA-4534-9F3F-856681459913}.Debug|Any CPU.ActiveCfg = Debug|Any CPU
		{AB166852-14DA-4534-9F3F-856681459913}.Debug|Any CPU.Build.0 = Debug|Any CPU
		{AB166852-14DA-4534-9F3F-856681459913}.Release|Any CPU.ActiveCfg = Release|Any CPU
		{AB166852-14DA-4534-9F3F-856681459913}.Release|Any CPU.Build.0 = Release|Any CPU
	EndGlobalSection
	GlobalSection(SolutionProperties) = preSolution
		HideSolutionNode = FALSE
	EndGlobalSection
	GlobalSection(NestedProjects) = preSolution
		{24052C0A-D539-4912-A0A8-2E4D2846DC31} = {873E9133-40DE-4F16-888F-A2AC5DE49CCF}
		{D6E4D83A-AC3F-47FB-9708-3FE2CCCA16C6} = {64EB88AE-A36A-4EB6-B1F9-FF0A80A7E370}
		{AB166852-14DA-4534-9F3F-856681459913} = {64EB88AE-A36A-4EB6-B1F9-FF0A80A7E370}
	EndGlobalSection
	GlobalSection(ExtensibilityGlobals) = postSolution
		SolutionGuid = {536B0985-FC99-4CB4-9E2D-EC3E1AB8FCDB}
	EndGlobalSection
EndGlobal
